
Microsoft Visual Studio Solution File, Format Version 12.00
# Visual Studio Version 17
VisualStudioVersion = 17.3.32825.248
MinimumVisualStudioVersion = 10.0.40219.1
Project("{2150E333-8FDC-42A3-9474-1A3956D46DE8}") = "src", "src", "{C605B8DE-62D9-4050-A3DB-94CAB902AC3F}"
EndProject
Project("{2150E333-8FDC-42A3-9474-1A3956D46DE8}") = "Core", "Core", "{619880CC-69E6-4ABD-8F0A-7AE3A9CF10A3}"
EndProject
Project("{9A19103F-16F7-4668-BE54-9A1E7A4F7556}") = "Core.Application", "src\corePackages\Core.Application\Core.Application.csproj", "{46321F12-0E61-4025-982A-6BB989AFE761}"
EndProject
Project("{9A19103F-16F7-4668-BE54-9A1E7A4F7556}") = "Core.CrossCuttingConcerns", "src\corePackages\Core.CrossCuttingConcers\Core.CrossCuttingConcerns.csproj", "{9E9AC3C3-1EFF-47C5-AD9B-479FFFACAC5A}"
EndProject
Project("{9A19103F-16F7-4668-BE54-9A1E7A4F7556}") = "Core.ElasticSearch", "src\corePackages\Core.ElasticSearch\Core.ElasticSearch.csproj", "{CCBB6586-03BA-488A-9A1E-452B18FE093F}"
EndProject
Project("{9A19103F-16F7-4668-BE54-9A1E7A4F7556}") = "Core.Mailing", "src\corePackages\Core.Mailing\Core.Mailing.csproj", "{299F157C-0C55-4643-9B04-F0A7D146735C}"
EndProject
Project("{9A19103F-16F7-4668-BE54-9A1E7A4F7556}") = "Core.Persistence", "src\corePackages\Core.Persistence\Core.Persistence.csproj", "{5C682E6D-0DAD-4B2C-AD0C-0214F6BA403D}"
EndProject
Project("{9A19103F-16F7-4668-BE54-9A1E7A4F7556}") = "Core.Security", "src\corePackages\Core.Security\Core.Security.csproj", "{0AF55544-D182-47FC-9E22-064CE9C81E22}"
EndProject
Project("{2150E333-8FDC-42A3-9474-1A3956D46DE8}") = "KodlamaIODevs", "KodlamaIODevs", "{3558A68A-5975-4B06-ABF5-3CE2F614E2A3}"
EndProject
Project("{FAE04EC0-301F-11D3-BF4B-00C04F79EFBC}") = "Application", "Application\Application.csproj", "{158D0BD9-8F3E-4E34-8A9C-092BB082A19A}"
EndProject
Project("{FAE04EC0-301F-11D3-BF4B-00C04F79EFBC}") = "Persistence", "Persistence\Persistence.csproj", "{52E414FE-434C-4B87-B00F-A61CEF229166}"
EndProject
Project("{FAE04EC0-301F-11D3-BF4B-00C04F79EFBC}") = "Infrastucture", "Infrastucture\Infrastucture.csproj", "{2E0B6DF8-BAC3-4FC0-9537-B6B742FBD60F}"
EndProject
Project("{FAE04EC0-301F-11D3-BF4B-00C04F79EFBC}") = "Domain", "Domain\Domain.csproj", "{F650F674-270E-474B-9A89-6DE0E7A5BAAD}"
EndProject
Project("{FAE04EC0-301F-11D3-BF4B-00C04F79EFBC}") = "WebAPI", "WebAPI\WebAPI.csproj", "{14D1B74A-21BF-4DCB-99FD-F92DE6FC7457}"
EndProject
Global
	GlobalSection(SolutionConfigurationPlatforms) = preSolution
		Debug|Any CPU = Debug|Any CPU
		Release|Any CPU = Release|Any CPU
	EndGlobalSection
	GlobalSection(ProjectConfigurationPlatforms) = postSolution
		{46321F12-0E61-4025-982A-6BB989AFE761}.Debug|Any CPU.ActiveCfg = Debug|Any CPU
		{46321F12-0E61-4025-982A-6BB989AFE761}.Debug|Any CPU.Build.0 = Debug|Any CPU
		{46321F12-0E61-4025-982A-6BB989AFE761}.Release|Any CPU.ActiveCfg = Release|Any CPU
		{46321F12-0E61-4025-982A-6BB989AFE761}.Release|Any CPU.Build.0 = Release|Any CPU
		{9E9AC3C3-1EFF-47C5-AD9B-479FFFACAC5A}.Debug|Any CPU.ActiveCfg = Debug|Any CPU
		{9E9AC3C3-1EFF-47C5-AD9B-479FFFACAC5A}.Debug|Any CPU.Build.0 = Debug|Any CPU
		{9E9AC3C3-1EFF-47C5-AD9B-479FFFACAC5A}.Release|Any CPU.ActiveCfg = Release|Any CPU
		{9E9AC3C3-1EFF-47C5-AD9B-479FFFACAC5A}.Release|Any CPU.Build.0 = Release|Any CPU
		{CCBB6586-03BA-488A-9A1E-452B18FE093F}.Debug|Any CPU.ActiveCfg = Debug|Any CPU
		{CCBB6586-03BA-488A-9A1E-452B18FE093F}.Debug|Any CPU.Build.0 = Debug|Any CPU
		{CCBB6586-03BA-488A-9A1E-452B18FE093F}.Release|Any CPU.ActiveCfg = Release|Any CPU
		{CCBB6586-03BA-488A-9A1E-452B18FE093F}.Release|Any CPU.Build.0 = Release|Any CPU
		{299F157C-0C55-4643-9B04-F0A7D146735C}.Debug|Any CPU.ActiveCfg = Debug|Any CPU
		{299F157C-0C55-4643-9B04-F0A7D146735C}.Debug|Any CPU.Build.0 = Debug|Any CPU
		{299F157C-0C55-4643-9B04-F0A7D146735C}.Release|Any CPU.ActiveCfg = Release|Any CPU
		{299F157C-0C55-4643-9B04-F0A7D146735C}.Release|Any CPU.Build.0 = Release|Any CPU
		{5C682E6D-0DAD-4B2C-AD0C-0214F6BA403D}.Debug|Any CPU.ActiveCfg = Debug|Any CPU
		{5C682E6D-0DAD-4B2C-AD0C-0214F6BA403D}.Debug|Any CPU.Build.0 = Debug|Any CPU
		{5C682E6D-0DAD-4B2C-AD0C-0214F6BA403D}.Release|Any CPU.ActiveCfg = Release|Any CPU
		{5C682E6D-0DAD-4B2C-AD0C-0214F6BA403D}.Release|Any CPU.Build.0 = Release|Any CPU
		{0AF55544-D182-47FC-9E22-064CE9C81E22}.Debug|Any CPU.ActiveCfg = Debug|Any CPU
		{0AF55544-D182-47FC-9E22-064CE9C81E22}.Debug|Any CPU.Build.0 = Debug|Any CPU
		{0AF55544-D182-47FC-9E22-064CE9C81E22}.Release|Any CPU.ActiveCfg = Release|Any CPU
		{0AF55544-D182-47FC-9E22-064CE9C81E22}.Release|Any CPU.Build.0 = Release|Any CPU
		{158D0BD9-8F3E-4E34-8A9C-092BB082A19A}.Debug|Any CPU.ActiveCfg = Debug|Any CPU
		{158D0BD9-8F3E-4E34-8A9C-092BB082A19A}.Debug|Any CPU.Build.0 = Debug|Any CPU
		{158D0BD9-8F3E-4E34-8A9C-092BB082A19A}.Release|Any CPU.ActiveCfg = Release|Any CPU
		{158D0BD9-8F3E-4E34-8A9C-092BB082A19A}.Release|Any CPU.Build.0 = Release|Any CPU
		{52E414FE-434C-4B87-B00F-A61CEF229166}.Debug|Any CPU.ActiveCfg = Debug|Any CPU
		{52E414FE-434C-4B87-B00F-A61CEF229166}.Debug|Any CPU.Build.0 = Debug|Any CPU
		{52E414FE-434C-4B87-B00F-A61CEF229166}.Release|Any CPU.ActiveCfg = Release|Any CPU
		{52E414FE-434C-4B87-B00F-A61CEF229166}.Release|Any CPU.Build.0 = Release|Any CPU
		{2E0B6DF8-BAC3-4FC0-9537-B6B742FBD60F}.Debug|Any CPU.ActiveCfg = Debug|Any CPU
		{2E0B6DF8-BAC3-4FC0-9537-B6B742FBD60F}.Debug|Any CPU.Build.0 = Debug|Any CPU
		{2E0B6DF8-BAC3-4FC0-9537-B6B742FBD60F}.Release|Any CPU.ActiveCfg = Release|Any CPU
		{2E0B6DF8-BAC3-4FC0-9537-B6B742FBD60F}.Release|Any CPU.Build.0 = Release|Any CPU
		{F650F674-270E-474B-9A89-6DE0E7A5BAAD}.Debug|Any CPU.ActiveCfg = Debug|Any CPU
		{F650F674-270E-474B-9A89-6DE0E7A5BAAD}.Debug|Any CPU.Build.0 = Debug|Any CPU
		{F650F674-270E-474B-9A89-6DE0E7A5BAAD}.Release|Any CPU.ActiveCfg = Release|Any CPU
		{F650F674-270E-474B-9A89-6DE0E7A5BAAD}.Release|Any CPU.Build.0 = Release|Any CPU
		{14D1B74A-21BF-4DCB-99FD-F92DE6FC7457}.Debug|Any CPU.ActiveCfg = Debug|Any CPU
		{14D1B74A-21BF-4DCB-99FD-F92DE6FC7457}.Debug|Any CPU.Build.0 = Debug|Any CPU
		{14D1B74A-21BF-4DCB-99FD-F92DE6FC7457}.Release|Any CPU.ActiveCfg = Release|Any CPU
		{14D1B74A-21BF-4DCB-99FD-F92DE6FC7457}.Release|Any CPU.Build.0 = Release|Any CPU
	EndGlobalSection
	GlobalSection(SolutionProperties) = preSolution
		HideSolutionNode = FALSE
	EndGlobalSection
	GlobalSection(NestedProjects) = preSolution
		{619880CC-69E6-4ABD-8F0A-7AE3A9CF10A3} = {C605B8DE-62D9-4050-A3DB-94CAB902AC3F}
		{46321F12-0E61-4025-982A-6BB989AFE761} = {619880CC-69E6-4ABD-8F0A-7AE3A9CF10A3}
		{9E9AC3C3-1EFF-47C5-AD9B-479FFFACAC5A} = {619880CC-69E6-4ABD-8F0A-7AE3A9CF10A3}
		{CCBB6586-03BA-488A-9A1E-452B18FE093F} = {619880CC-69E6-4ABD-8F0A-7AE3A9CF10A3}
		{299F157C-0C55-4643-9B04-F0A7D146735C} = {619880CC-69E6-4ABD-8F0A-7AE3A9CF10A3}
		{5C682E6D-0DAD-4B2C-AD0C-0214F6BA403D} = {619880CC-69E6-4ABD-8F0A-7AE3A9CF10A3}
		{0AF55544-D182-47FC-9E22-064CE9C81E22} = {619880CC-69E6-4ABD-8F0A-7AE3A9CF10A3}
		{3558A68A-5975-4B06-ABF5-3CE2F614E2A3} = {C605B8DE-62D9-4050-A3DB-94CAB902AC3F}
		{158D0BD9-8F3E-4E34-8A9C-092BB082A19A} = {3558A68A-5975-4B06-ABF5-3CE2F614E2A3}
		{52E414FE-434C-4B87-B00F-A61CEF229166} = {3558A68A-5975-4B06-ABF5-3CE2F614E2A3}
		{2E0B6DF8-BAC3-4FC0-9537-B6B742FBD60F} = {3558A68A-5975-4B06-ABF5-3CE2F614E2A3}
		{F650F674-270E-474B-9A89-6DE0E7A5BAAD} = {3558A68A-5975-4B06-ABF5-3CE2F614E2A3}
		{14D1B74A-21BF-4DCB-99FD-F92DE6FC7457} = {3558A68A-5975-4B06-ABF5-3CE2F614E2A3}
	EndGlobalSection
	GlobalSection(ExtensibilityGlobals) = postSolution
		SolutionGuid = {48F7BA6C-E88E-49AF-847C-0CC3DBF64931}
	EndGlobalSection
EndGlobal
